{
    "_readme": [
        "This file locks the dependencies of your project to a known state",
        "Read more about it at https://getcomposer.org/doc/01-basic-usage.md#installing-dependencies",
        "This file is @generated automatically"
    ],
    "content-hash": "adb60d66013da100aa4b8a48a91b6c75",
    "packages": [
        {
            "name": "clevercanyon/php-js-utilities",
            "version": "dev-main",
            "source": {
                "type": "git",
                "url": "https://github.com/clevercanyon/php-js-utilities.git",
                "reference": "52102819b34b7db3b38b8a425b8e00d279dc337e"
            },
            "dist": {
                "type": "zip",
                "url": "https://api.github.com/repos/clevercanyon/php-js-utilities/zipball/52102819b34b7db3b38b8a425b8e00d279dc337e",
                "reference": "52102819b34b7db3b38b8a425b8e00d279dc337e",
                "shasum": ""
            },
            "require": {
                "ext-json": "*",
                "ext-mbstring": "*",
                "php-64bit": "^7.4 || ^8.0 || ^8.1"
            },
            "require-dev": {
                "clevercanyon/php-js-utilities-dev": "dev-main"
            },
            "suggest": {
                "ext-zip": "*",
                "ulrichsg/getopt-php": "^4.0"
            },
            "default-branch": true,
            "type": "library",
            "extra": {
                "clevercanyon": {
                    "&": {
                        "project": {
                            "data": {
                                "version": "1.0.0",
                                "stable_tag": "1.0.0",
                                "layout": "distro-lib",
                                "name": "CLEVER CANYON: PHP/JS Utilities"
                            }
                        },
                        "brand": {
                            "data": {
                                "name": "CLEVER CANYON",
                                "slug": "clevercanyon"
                            },
                            "aws": {
                                "s3": {
                                    "bucket": "clevercanyon",
                                    "cdn_domain": "cdn.clevercanyon.com"
                                }
                            }
                        },
                        "php_scoper": {
                            "cfg": {
                                "exclude-constants": [],
                                "exclude-classes": [],
                                "exclude-functions": []
                            }
                        },
                        "post_update_cmd_handler": {
                            "symlink_local_packages": {
                                "vendor": [
                                    "clevercanyon/php-js-standards",
                                    "clevercanyon/php-js-utilities",
                                    "clevercanyon/php-js-utilities-dev",
                                    "clevercanyon/php-js-utilities-dev-npm"
                                ],
                                "node_modules": [
                                    "@clevercanyon/php-js-utilities-dev-npm"
                                ]
                            }
                        }
                    }
                }
            },
            "autoload": {
                "psr-4": {
                    "Clever_Canyon\\Utilities\\": "./src/classes"
                }
            },
            "notification-url": "https://packagist.org/downloads/",
            "license": [
                "GPL-2.0-or-later"
            ],
            "authors": [
                {
                    "name": "CLEVER CANYON",
                    "homepage": "https://clevercanyon.com",
                    "role": "organization"
                }
            ],
            "description": "CLEVER CANYON’s utilities for PHP/JS applications.",
            "support": {
                "issues": "https://github.com/clevercanyon/php-js-utilities/issues",
                "source": "https://github.com/clevercanyon/php-js-utilities/tree/main"
            },
            "time": "2022-01-15T16:39:20+00:00"
        },
        {
            "name": "clevercanyon/wpgroove-framework",
            "version": "dev-main",
            "source": {
                "type": "git",
                "url": "https://github.com/clevercanyon/wpgroove-framework.git",
                "reference": "0ca47f721991f1193543847f9d86c49ddd0b7382"
            },
            "dist": {
                "type": "zip",
                "url": "https://api.github.com/repos/clevercanyon/wpgroove-framework/zipball/0ca47f721991f1193543847f9d86c49ddd0b7382",
                "reference": "0ca47f721991f1193543847f9d86c49ddd0b7382",
                "shasum": ""
            },
            "require": {
                "clevercanyon/php-js-utilities": "dev-main"
            },
            "require-dev": {
                "clevercanyon/wpgroove-framework-dev": "dev-main"
            },
            "default-branch": true,
            "type": "library",
            "extra": {
                "clevercanyon": {
                    "$extends-packages": [
                        "clevercanyon/php-js-utilities"
                    ],
                    "&": {
                        "project": {
                            "data": {
                                "version": "1.0.0",
                                "stable_tag": "1.0.0",
                                "layout": "distro-lib",
                                "name": "WP Groove: WordPress Framework"
                            }
                        },
                        "brand": {
                            "data": {
                                "name": "WP Groove",
                                "slug": "wpgroove"
                            },
                            "aws": {
                                "s3": {
                                    "bucket": "wpgroove",
                                    "cdn_domain": "cdn.wpgroove.com"
                                }
                            }
                        },
                        "php_scoper": {
                            "cfg": {
                                "exclude-constants": [],
                                "exclude-classes": [],
                                "exclude-functions": []
                            }
                        },
                        "post_update_cmd_handler": {
                            "symlink_local_packages": {
                                "$concat": {
                                    "vendor": [
                                        "clevercanyon/wpgroove-framework",
                                        "clevercanyon/wpgroove-framework-dev"
                                    ]
                                }
                            }
                        }
                    }
                }
            },
            "autoload": {
                "psr-4": {
                    "WP_Groove\\Framework\\": "./src/classes"
                }
            },
            "notification-url": "https://packagist.org/downloads/",
            "license": [
                "GPL-2.0-or-later"
            ],
            "authors": [
                {
                    "name": "WP Groove",
                    "homepage": "https://wpgroove.com",
                    "role": "organization"
                }
            ],
            "description": "WP Groove’s framework for WordPress.",
            "support": {
                "issues": "https://github.com/clevercanyon/wpgroove-framework/issues",
                "source": "https://github.com/clevercanyon/wpgroove-framework/tree/main"
            },
            "time": "2022-01-15T16:40:26+00:00"
        }
    ],
    "packages-dev": [],
    "aliases": [],
    "minimum-stability": "dev",
    "stability-flags": {
        "clevercanyon/wpgroove-framework": 20
    },
    "prefer-stable": true,
    "prefer-lowest": false,
    "platform": [],
    "platform-dev": [],
    "platform-overrides": {
        "php-64bit": "7.4.0"
    },
    "plugin-api-version": "2.2.0"
}
